
Microsoft Visual Studio Solution File, Format Version 12.00
# Visual Studio 15
VisualStudioVersion = 15.0.28010.2046
MinimumVisualStudioVersion = 10.0.40219.1
Project("{FAE04EC0-301F-11D3-BF4B-00C04F79EFBC}") = "Tracer", "Tracer\Tracer.csproj", "{015465E2-86C4-4663-9550-48A2E5546167}"
EndProject
Project("{FAE04EC0-301F-11D3-BF4B-00C04F79EFBC}") = "TracerUnitTest", "TracerUnitTest\TracerUnitTest.csproj", "{DF1AF09D-5981-4122-9954-AAED8AFB1FBD}"
EndProject
Project("{FAE04EC0-301F-11D3-BF4B-00C04F79EFBC}") = "TracerConsole", "TracerConsole\TracerConsole.csproj", "{9A62DAAB-3523-4E4D-9638-1A426CCAC042}"
EndProject
Global
	GlobalSection(SolutionConfigurationPlatforms) = preSolution
		Debug|Any CPU = Debug|Any CPU
		Release|Any CPU = Release|Any CPU
	EndGlobalSection
	GlobalSection(ProjectConfigurationPlatforms) = postSolution
		{015465E2-86C4-4663-9550-48A2E5546167}.Debug|Any CPU.ActiveCfg = Debug|Any CPU
		{015465E2-86C4-4663-9550-48A2E5546167}.Debug|Any CPU.Build.0 = Debug|Any CPU
		{015465E2-86C4-4663-9550-48A2E5546167}.Release|Any CPU.ActiveCfg = Release|Any CPU
		{015465E2-86C4-4663-9550-48A2E5546167}.Release|Any CPU.Build.0 = Release|Any CPU
		{DF1AF09D-5981-4122-9954-AAED8AFB1FBD}.Debug|Any CPU.ActiveCfg = Debug|Any CPU
		{DF1AF09D-5981-4122-9954-AAED8AFB1FBD}.Debug|Any CPU.Build.0 = Debug|Any CPU
		{DF1AF09D-5981-4122-9954-AAED8AFB1FBD}.Release|Any CPU.ActiveCfg = Release|Any CPU
		{DF1AF09D-5981-4122-9954-AAED8AFB1FBD}.Release|Any CPU.Build.0 = Release|Any CPU
		{9A62DAAB-3523-4E4D-9638-1A426CCAC042}.Debug|Any CPU.ActiveCfg = Debug|Any CPU
		{9A62DAAB-3523-4E4D-9638-1A426CCAC042}.Debug|Any CPU.Build.0 = Debug|Any CPU
		{9A62DAAB-3523-4E4D-9638-1A426CCAC042}.Release|Any CPU.ActiveCfg = Release|Any CPU
		{9A62DAAB-3523-4E4D-9638-1A426CCAC042}.Release|Any CPU.Build.0 = Release|Any CPU
	EndGlobalSection
	GlobalSection(SolutionProperties) = preSolution
		HideSolutionNode = FALSE
	EndGlobalSection
	GlobalSection(ExtensibilityGlobals) = postSolution
		SolutionGuid = {8AF45881-2463-4AC8-9D8F-4A59B3F511E1}
	EndGlobalSection
EndGlobal
